{
  "name": "@wheelroom/gatsby-starter",
  "version": "6.3.5",
  "lockfileVersion": 2,
  "requires": true,
  "packages": {
    "": {
      "name": "@wheelroom/gatsby-starter",
      "version": "6.3.5",
      "license": "MIT",
      "engines": {
        "node": ">=15.0.0",
        "npm": ">=7.0.0"
      }
    }
  }
}
