{
	"name": "@jacco-meijer/wheelroom-plugin-contentful",
	"version": "2.14.0",
	"lockfileVersion": 1,
	"requires": true,
	"dependencies": {
		"@types/node": {
			"version": "12.12.14",
			"resolved": "https://registry.npmjs.org/@types/node/-/node-12.12.14.tgz",
			"integrity": "sha512-u/SJDyXwuihpwjXy7hOOghagLEV1KdAST6syfnOk6QZAMzZuWZqXy5aYYZbh8Jdpd4escVFP0MvftHNDb9pruA==",
			"dev": true
		},
		"@types/yargs": {
			"version": "13.0.3",
			"resolved": "https://registry.npmjs.org/@types/yargs/-/yargs-13.0.3.tgz",
			"integrity": "sha512-K8/LfZq2duW33XW/tFwEAfnZlqIfVsoyRB3kfXdPXYhl0nfM8mmh7GS0jg7WrX2Dgq/0Ha/pR1PaR+BvmWwjiQ==",
			"dev": true,
			"requires": {
				"@types/yargs-parser": "*"
			}
		},
		"@types/yargs-parser": {
			"version": "13.1.0",
			"resolved": "https://registry.npmjs.org/@types/yargs-parser/-/yargs-parser-13.1.0.tgz",
			"integrity": "sha512-gCubfBUZ6KxzoibJ+SCUc/57Ms1jz5NjHe4+dI2krNmU5zCPAphyLJYyTOg06ueIyfj+SaCUqmzun7ImlxDcKg==",
			"dev": true
		},
		"typescript": {
			"version": "3.7.3",
			"resolved": "https://registry.npmjs.org/typescript/-/typescript-3.7.3.tgz",
			"integrity": "sha512-Mcr/Qk7hXqFBXMN7p7Lusj1ktCBydylfQM/FZCk5glCNQJrCUKPkMHdo9R0MTFWsC/4kPFvDS0fDPvukfCkFsw==",
			"dev": true
		}
	}
}
